// !$*UTF8*$!
{
	archiveVersion = 1;
	classes = {
	};
	objectVersion = 50;
	objects = {

/* Begin PBXBuildFile section */
		0E611C11223312BE00F85DAB /* RocketFanTests.swift in Sources */ = {isa = PBXBuildFile; fileRef = 0E611C10223312BE00F85DAB /* RocketFanTests.swift */; };
		0E611C13223312C800F85DAB /* RocketFanUITests.swift in Sources */ = {isa = PBXBuildFile; fileRef = 0E611C12223312C800F85DAB /* RocketFanUITests.swift */; };
		0E911FED2236EAAA00CBE217 /* SpaceXAPI.swift in Sources */ = {isa = PBXBuildFile; fileRef = 0E911FEC2236EAAA00CBE217 /* SpaceXAPI.swift */; };
		0E911FEF2236EB5A00CBE217 /* Result.swift in Sources */ = {isa = PBXBuildFile; fileRef = 0E911FEE2236EB5A00CBE217 /* Result.swift */; };
		0E911FF22236EC7A00CBE217 /* TestHelpers.swift in Sources */ = {isa = PBXBuildFile; fileRef = 0E911FF12236EC7A00CBE217 /* TestHelpers.swift */; };
		0E911FF42236ECC900CBE217 /* NetworkSessionProtocol.swift in Sources */ = {isa = PBXBuildFile; fileRef = 0E911FF32236ECC900CBE217 /* NetworkSessionProtocol.swift */; };
		0E911FF62236EDA300CBE217 /* SpaceXAPI+Error.swift in Sources */ = {isa = PBXBuildFile; fileRef = 0E911FF52236EDA300CBE217 /* SpaceXAPI+Error.swift */; };
		0E911FF82236F64A00CBE217 /* XCTestCase+assert.swift in Sources */ = {isa = PBXBuildFile; fileRef = 0E911FF72236F64A00CBE217 /* XCTestCase+assert.swift */; };
		0E911FFA2237BBD600CBE217 /* SpaceXAPI+Options.swift in Sources */ = {isa = PBXBuildFile; fileRef = 0E911FF92237BBD600CBE217 /* SpaceXAPI+Options.swift */; };
		0E911FFC2237BBEE00CBE217 /* SpaceXAPIOptionsTests.swift in Sources */ = {isa = PBXBuildFile; fileRef = 0E911FFB2237BBEE00CBE217 /* SpaceXAPIOptionsTests.swift */; };
		0EBCA1A822330CF500E8903F /* AppDelegate.swift in Sources */ = {isa = PBXBuildFile; fileRef = 0EBCA1A722330CF500E8903F /* AppDelegate.swift */; };
		0EBCA1AF22330CF600E8903F /* Assets.xcassets in Resources */ = {isa = PBXBuildFile; fileRef = 0EBCA1AE22330CF600E8903F /* Assets.xcassets */; };
		0EBCA1B222330CF600E8903F /* LaunchScreen.storyboard in Resources */ = {isa = PBXBuildFile; fileRef = 0EBCA1B022330CF600E8903F /* LaunchScreen.storyboard */; };
		E1681FE42236ABE800E1EDDB /* Cores.swift in Sources */ = {isa = PBXBuildFile; fileRef = E1681FE32236ABE800E1EDDB /* Cores.swift */; };
		E1681FE62236AC2C00E1EDDB /* CoresTests.swift in Sources */ = {isa = PBXBuildFile; fileRef = E1681FE52236AC2C00E1EDDB /* CoresTests.swift */; };
		E1681FE82236AFED00E1EDDB /* DragonsTests.swift in Sources */ = {isa = PBXBuildFile; fileRef = E1681FE72236AFED00E1EDDB /* DragonsTests.swift */; };
		E1681FEA2236B04D00E1EDDB /* Dragons.swift in Sources */ = {isa = PBXBuildFile; fileRef = E1681FE92236B04D00E1EDDB /* Dragons.swift */; };
		E1681FEC2236B2BB00E1EDDB /* HistoryTests.swift in Sources */ = {isa = PBXBuildFile; fileRef = E1681FEB2236B2BB00E1EDDB /* HistoryTests.swift */; };
		E1681FEE2236B2F700E1EDDB /* History.swift in Sources */ = {isa = PBXBuildFile; fileRef = E1681FED2236B2F700E1EDDB /* History.swift */; };
		E1681FF02236B8A600E1EDDB /* InfoTests.swift in Sources */ = {isa = PBXBuildFile; fileRef = E1681FEF2236B8A600E1EDDB /* InfoTests.swift */; };
		E1681FF22236B8DC00E1EDDB /* Info.swift in Sources */ = {isa = PBXBuildFile; fileRef = E1681FF12236B8DC00E1EDDB /* Info.swift */; };
		E1681FF42236BAF500E1EDDB /* LandingPadsTests.swift in Sources */ = {isa = PBXBuildFile; fileRef = E1681FF32236BAF500E1EDDB /* LandingPadsTests.swift */; };
		E1681FF62236BB4700E1EDDB /* LandingPads.swift in Sources */ = {isa = PBXBuildFile; fileRef = E1681FF52236BB4700E1EDDB /* LandingPads.swift */; };
		E1681FFA2236BE3300E1EDDB /* LaunchesTests.swift in Sources */ = {isa = PBXBuildFile; fileRef = E1681FF92236BE3300E1EDDB /* LaunchesTests.swift */; };
		E1681FFC2236BE7D00E1EDDB /* Launches.swift in Sources */ = {isa = PBXBuildFile; fileRef = E1681FFB2236BE7D00E1EDDB /* Launches.swift */; };
		E1681FFE2236C28300E1EDDB /* LaunchPadsTests.swift in Sources */ = {isa = PBXBuildFile; fileRef = E1681FFD2236C28300E1EDDB /* LaunchPadsTests.swift */; };
		E16820002236C31200E1EDDB /* LaunchPads.swift in Sources */ = {isa = PBXBuildFile; fileRef = E1681FFF2236C31200E1EDDB /* LaunchPads.swift */; };
		E16820022236C81E00E1EDDB /* MissionsTests.swift in Sources */ = {isa = PBXBuildFile; fileRef = E16820012236C81E00E1EDDB /* MissionsTests.swift */; };
		E16820042236C86400E1EDDB /* Missions.swift in Sources */ = {isa = PBXBuildFile; fileRef = E16820032236C86400E1EDDB /* Missions.swift */; };
		E16820062236C9C200E1EDDB /* PayloadsTests.swift in Sources */ = {isa = PBXBuildFile; fileRef = E16820052236C9C200E1EDDB /* PayloadsTests.swift */; };
		E16820082236C9FC00E1EDDB /* Payloads.swift in Sources */ = {isa = PBXBuildFile; fileRef = E16820072236C9FC00E1EDDB /* Payloads.swift */; };
		E168200A2236CB5B00E1EDDB /* RocketsTests.swift in Sources */ = {isa = PBXBuildFile; fileRef = E16820092236CB5B00E1EDDB /* RocketsTests.swift */; };
		E168200C2236CB7900E1EDDB /* Rockets.swift in Sources */ = {isa = PBXBuildFile; fileRef = E168200B2236CB7900E1EDDB /* Rockets.swift */; };
		E168200E2236CD7400E1EDDB /* RoadsterTests.swift in Sources */ = {isa = PBXBuildFile; fileRef = E168200D2236CD7400E1EDDB /* RoadsterTests.swift */; };
		E16820102236CDC100E1EDDB /* Roadster.swift in Sources */ = {isa = PBXBuildFile; fileRef = E168200F2236CDC100E1EDDB /* Roadster.swift */; };
		E16820122236CE6D00E1EDDB /* ShipsTests.swift in Sources */ = {isa = PBXBuildFile; fileRef = E16820112236CE6D00E1EDDB /* ShipsTests.swift */; };
		E16820152236CEDB00E1EDDB /* Ships.swift in Sources */ = {isa = PBXBuildFile; fileRef = E16820132236CEB000E1EDDB /* Ships.swift */; };
		E1755405223555BA0033C136 /* SpaceXAPI.framework in Frameworks */ = {isa = PBXBuildFile; fileRef = E17553FC223555BA0033C136 /* SpaceXAPI.framework */; };
		E175540C223555BA0033C136 /* SpaceXAPITests.swift in Sources */ = {isa = PBXBuildFile; fileRef = E175540B223555BA0033C136 /* SpaceXAPITests.swift */; };
		E1755411223555BA0033C136 /* SpaceXAPI.framework in Frameworks */ = {isa = PBXBuildFile; fileRef = E17553FC223555BA0033C136 /* SpaceXAPI.framework */; };
		E1755412223555BA0033C136 /* SpaceXAPI.framework in Embed Frameworks */ = {isa = PBXBuildFile; fileRef = E17553FC223555BA0033C136 /* SpaceXAPI.framework */; settings = {ATTRIBUTES = (CodeSignOnCopy, RemoveHeadersOnCopy, ); }; };
		E175541A223582770033C136 /* Endpoint.swift in Sources */ = {isa = PBXBuildFile; fileRef = E1755419223582770033C136 /* Endpoint.swift */; };
		E175541F22359EE00033C136 /* Capsules.swift in Sources */ = {isa = PBXBuildFile; fileRef = E175541E22359EE00033C136 /* Capsules.swift */; };
		E175542222359F2F0033C136 /* CapsulesTests.swift in Sources */ = {isa = PBXBuildFile; fileRef = E175542122359F2F0033C136 /* CapsulesTests.swift */; };
		E1FFA015223A98FE0056BA6B /* capsule.json in Resources */ = {isa = PBXBuildFile; fileRef = E1FFA014223A98FE0056BA6B /* capsule.json */; };
		E1FFA021223A993B0056BA6B /* home.json in Resources */ = {isa = PBXBuildFile; fileRef = E1FFA016223A993A0056BA6B /* home.json */; };
		E1FFA022223A993B0056BA6B /* mission.json in Resources */ = {isa = PBXBuildFile; fileRef = E1FFA017223A993A0056BA6B /* mission.json */; };
		E1FFA023223A993B0056BA6B /* info.json in Resources */ = {isa = PBXBuildFile; fileRef = E1FFA018223A993A0056BA6B /* info.json */; };
		E1FFA024223A993B0056BA6B /* core.json in Resources */ = {isa = PBXBuildFile; fileRef = E1FFA019223A993A0056BA6B /* core.json */; };
		E1FFA025223A993B0056BA6B /* ship.json in Resources */ = {isa = PBXBuildFile; fileRef = E1FFA01A223A993A0056BA6B /* ship.json */; };
		E1FFA026223A993B0056BA6B /* history.json in Resources */ = {isa = PBXBuildFile; fileRef = E1FFA01B223A993A0056BA6B /* history.json */; };
		E1FFA027223A993B0056BA6B /* launch.json in Resources */ = {isa = PBXBuildFile; fileRef = E1FFA01C223A993A0056BA6B /* launch.json */; };
		E1FFA028223A993B0056BA6B /* landpad.json in Resources */ = {isa = PBXBuildFile; fileRef = E1FFA01D223A993A0056BA6B /* landpad.json */; };
		E1FFA029223A993B0056BA6B /* rocket.json in Resources */ = {isa = PBXBuildFile; fileRef = E1FFA01E223A993B0056BA6B /* rocket.json */; };
		E1FFA02A223A993B0056BA6B /* launchpad.json in Resources */ = {isa = PBXBuildFile; fileRef = E1FFA01F223A993B0056BA6B /* launchpad.json */; };
		E1FFA02B223A993B0056BA6B /* dragon.json in Resources */ = {isa = PBXBuildFile; fileRef = E1FFA020223A993B0056BA6B /* dragon.json */; };
		E1FFA02F223A9A510056BA6B /* JSONLoaderTests.swift in Sources */ = {isa = PBXBuildFile; fileRef = E1FFA02E223A9A510056BA6B /* JSONLoaderTests.swift */; };
		E1FFA031223A9ADF0056BA6B /* JSONLoader.swift in Sources */ = {isa = PBXBuildFile; fileRef = E1FFA030223A9ADF0056BA6B /* JSONLoader.swift */; };
		E1FFA035223AA37E0056BA6B /* CapsuleTests.swift in Sources */ = {isa = PBXBuildFile; fileRef = E1FFA034223AA37E0056BA6B /* CapsuleTests.swift */; };
		E1FFA037223AA39C0056BA6B /* Capsule.swift in Sources */ = {isa = PBXBuildFile; fileRef = E1FFA036223AA39C0056BA6B /* Capsule.swift */; };
		E1FFA03A223AA6320056BA6B /* Codable+Extensions.swift in Sources */ = {isa = PBXBuildFile; fileRef = E1FFA039223AA6320056BA6B /* Codable+Extensions.swift */; };
		E1FFA03C223AA70E0056BA6B /* Data+ Extensions.swift in Sources */ = {isa = PBXBuildFile; fileRef = E1FFA03B223AA70E0056BA6B /* Data+ Extensions.swift */; };
/* End PBXBuildFile section */

/* Begin PBXContainerItemProxy section */
		0EBCA1B922330CF600E8903F /* PBXContainerItemProxy */ = {
			isa = PBXContainerItemProxy;
			containerPortal = 0EBCA19C22330CF500E8903F /* Project object */;
			proxyType = 1;
			remoteGlobalIDString = 0EBCA1A322330CF500E8903F;
			remoteInfo = RocketFan;
		};
		0EBCA1C422330CF600E8903F /* PBXContainerItemProxy */ = {
			isa = PBXContainerItemProxy;
			containerPortal = 0EBCA19C22330CF500E8903F /* Project object */;
			proxyType = 1;
			remoteGlobalIDString = 0EBCA1A322330CF500E8903F;
			remoteInfo = RocketFan;
		};
		E1755406223555BA0033C136 /* PBXContainerItemProxy */ = {
			isa = PBXContainerItemProxy;
			containerPortal = 0EBCA19C22330CF500E8903F /* Project object */;
			proxyType = 1;
			remoteGlobalIDString = E17553FB223555BA0033C136;
			remoteInfo = SpaceXAPI;
		};
		E1755408223555BA0033C136 /* PBXContainerItemProxy */ = {
			isa = PBXContainerItemProxy;
			containerPortal = 0EBCA19C22330CF500E8903F /* Project object */;
			proxyType = 1;
			remoteGlobalIDString = 0EBCA1A322330CF500E8903F;
			remoteInfo = RocketFan;
		};
		E175540F223555BA0033C136 /* PBXContainerItemProxy */ = {
			isa = PBXContainerItemProxy;
			containerPortal = 0EBCA19C22330CF500E8903F /* Project object */;
			proxyType = 1;
			remoteGlobalIDString = E17553FB223555BA0033C136;
			remoteInfo = SpaceXAPI;
		};
/* End PBXContainerItemProxy section */

/* Begin PBXCopyFilesBuildPhase section */
		E17553F5223553D20033C136 /* Embed Frameworks */ = {
			isa = PBXCopyFilesBuildPhase;
			buildActionMask = 2147483647;
			dstPath = "";
			dstSubfolderSpec = 10;
			files = (
				E1755412223555BA0033C136 /* SpaceXAPI.framework in Embed Frameworks */,
			);
			name = "Embed Frameworks";
			runOnlyForDeploymentPostprocessing = 0;
		};
/* End PBXCopyFilesBuildPhase section */

/* Begin PBXFileReference section */
		0E2EA408223519D600A7D350 /* Base.xcconfig */ = {isa = PBXFileReference; lastKnownFileType = text.xcconfig; path = Base.xcconfig; sourceTree = "<group>"; };
		0E611C10223312BE00F85DAB /* RocketFanTests.swift */ = {isa = PBXFileReference; fileEncoding = 4; lastKnownFileType = sourcecode.swift; path = RocketFanTests.swift; sourceTree = "<group>"; };
		0E611C12223312C800F85DAB /* RocketFanUITests.swift */ = {isa = PBXFileReference; fileEncoding = 4; lastKnownFileType = sourcecode.swift; path = RocketFanUITests.swift; sourceTree = "<group>"; };
		0E911FEC2236EAAA00CBE217 /* SpaceXAPI.swift */ = {isa = PBXFileReference; lastKnownFileType = sourcecode.swift; path = SpaceXAPI.swift; sourceTree = "<group>"; };
		0E911FEE2236EB5A00CBE217 /* Result.swift */ = {isa = PBXFileReference; lastKnownFileType = sourcecode.swift; path = Result.swift; sourceTree = "<group>"; };
		0E911FF12236EC7A00CBE217 /* TestHelpers.swift */ = {isa = PBXFileReference; lastKnownFileType = sourcecode.swift; path = TestHelpers.swift; sourceTree = "<group>"; };
		0E911FF32236ECC900CBE217 /* NetworkSessionProtocol.swift */ = {isa = PBXFileReference; lastKnownFileType = sourcecode.swift; path = NetworkSessionProtocol.swift; sourceTree = "<group>"; };
		0E911FF52236EDA300CBE217 /* SpaceXAPI+Error.swift */ = {isa = PBXFileReference; lastKnownFileType = sourcecode.swift; path = "SpaceXAPI+Error.swift"; sourceTree = "<group>"; };
		0E911FF72236F64A00CBE217 /* XCTestCase+assert.swift */ = {isa = PBXFileReference; lastKnownFileType = sourcecode.swift; path = "XCTestCase+assert.swift"; sourceTree = "<group>"; };
		0E911FF92237BBD600CBE217 /* SpaceXAPI+Options.swift */ = {isa = PBXFileReference; lastKnownFileType = sourcecode.swift; path = "SpaceXAPI+Options.swift"; sourceTree = "<group>"; };
		0E911FFB2237BBEE00CBE217 /* SpaceXAPIOptionsTests.swift */ = {isa = PBXFileReference; lastKnownFileType = sourcecode.swift; path = SpaceXAPIOptionsTests.swift; sourceTree = "<group>"; };
		0EBCA1A422330CF500E8903F /* RocketFan.app */ = {isa = PBXFileReference; explicitFileType = wrapper.application; includeInIndex = 0; path = RocketFan.app; sourceTree = BUILT_PRODUCTS_DIR; };
		0EBCA1A722330CF500E8903F /* AppDelegate.swift */ = {isa = PBXFileReference; lastKnownFileType = sourcecode.swift; path = AppDelegate.swift; sourceTree = "<group>"; };
		0EBCA1AE22330CF600E8903F /* Assets.xcassets */ = {isa = PBXFileReference; lastKnownFileType = folder.assetcatalog; path = Assets.xcassets; sourceTree = "<group>"; };
		0EBCA1B122330CF600E8903F /* Base */ = {isa = PBXFileReference; lastKnownFileType = file.storyboard; name = Base; path = Base.lproj/LaunchScreen.storyboard; sourceTree = "<group>"; };
		0EBCA1B322330CF600E8903F /* Info.plist */ = {isa = PBXFileReference; lastKnownFileType = text.plist.xml; path = Info.plist; sourceTree = "<group>"; };
		0EBCA1B822330CF600E8903F /* RocketFanTests.xctest */ = {isa = PBXFileReference; explicitFileType = wrapper.cfbundle; includeInIndex = 0; path = RocketFanTests.xctest; sourceTree = BUILT_PRODUCTS_DIR; };
		0EBCA1BE22330CF600E8903F /* Info.plist */ = {isa = PBXFileReference; lastKnownFileType = text.plist.xml; path = Info.plist; sourceTree = "<group>"; };
		0EBCA1C322330CF600E8903F /* RocketFanUITests.xctest */ = {isa = PBXFileReference; explicitFileType = wrapper.cfbundle; includeInIndex = 0; path = RocketFanUITests.xctest; sourceTree = BUILT_PRODUCTS_DIR; };
		0EBCA1C922330CF600E8903F /* Info.plist */ = {isa = PBXFileReference; lastKnownFileType = text.plist.xml; path = Info.plist; sourceTree = "<group>"; };
		0ED556972235130E0039BC44 /* User.xcconfig */ = {isa = PBXFileReference; lastKnownFileType = text.xcconfig; path = User.xcconfig; sourceTree = "<group>"; };
		E1681FE32236ABE800E1EDDB /* Cores.swift */ = {isa = PBXFileReference; lastKnownFileType = sourcecode.swift; path = Cores.swift; sourceTree = "<group>"; };
		E1681FE52236AC2C00E1EDDB /* CoresTests.swift */ = {isa = PBXFileReference; lastKnownFileType = sourcecode.swift; path = CoresTests.swift; sourceTree = "<group>"; };
		E1681FE72236AFED00E1EDDB /* DragonsTests.swift */ = {isa = PBXFileReference; lastKnownFileType = sourcecode.swift; path = DragonsTests.swift; sourceTree = "<group>"; };
		E1681FE92236B04D00E1EDDB /* Dragons.swift */ = {isa = PBXFileReference; lastKnownFileType = sourcecode.swift; path = Dragons.swift; sourceTree = "<group>"; };
		E1681FEB2236B2BB00E1EDDB /* HistoryTests.swift */ = {isa = PBXFileReference; lastKnownFileType = sourcecode.swift; path = HistoryTests.swift; sourceTree = "<group>"; };
		E1681FED2236B2F700E1EDDB /* History.swift */ = {isa = PBXFileReference; lastKnownFileType = sourcecode.swift; path = History.swift; sourceTree = "<group>"; };
		E1681FEF2236B8A600E1EDDB /* InfoTests.swift */ = {isa = PBXFileReference; lastKnownFileType = sourcecode.swift; path = InfoTests.swift; sourceTree = "<group>"; };
		E1681FF12236B8DC00E1EDDB /* Info.swift */ = {isa = PBXFileReference; lastKnownFileType = sourcecode.swift; path = Info.swift; sourceTree = "<group>"; };
		E1681FF32236BAF500E1EDDB /* LandingPadsTests.swift */ = {isa = PBXFileReference; lastKnownFileType = sourcecode.swift; path = LandingPadsTests.swift; sourceTree = "<group>"; };
		E1681FF52236BB4700E1EDDB /* LandingPads.swift */ = {isa = PBXFileReference; lastKnownFileType = sourcecode.swift; path = LandingPads.swift; sourceTree = "<group>"; };
		E1681FF92236BE3300E1EDDB /* LaunchesTests.swift */ = {isa = PBXFileReference; lastKnownFileType = sourcecode.swift; path = LaunchesTests.swift; sourceTree = "<group>"; };
		E1681FFB2236BE7D00E1EDDB /* Launches.swift */ = {isa = PBXFileReference; lastKnownFileType = sourcecode.swift; path = Launches.swift; sourceTree = "<group>"; };
		E1681FFD2236C28300E1EDDB /* LaunchPadsTests.swift */ = {isa = PBXFileReference; lastKnownFileType = sourcecode.swift; path = LaunchPadsTests.swift; sourceTree = "<group>"; };
		E1681FFF2236C31200E1EDDB /* LaunchPads.swift */ = {isa = PBXFileReference; lastKnownFileType = sourcecode.swift; path = LaunchPads.swift; sourceTree = "<group>"; };
		E16820012236C81E00E1EDDB /* MissionsTests.swift */ = {isa = PBXFileReference; lastKnownFileType = sourcecode.swift; path = MissionsTests.swift; sourceTree = "<group>"; };
		E16820032236C86400E1EDDB /* Missions.swift */ = {isa = PBXFileReference; lastKnownFileType = sourcecode.swift; path = Missions.swift; sourceTree = "<group>"; };
		E16820052236C9C200E1EDDB /* PayloadsTests.swift */ = {isa = PBXFileReference; lastKnownFileType = sourcecode.swift; path = PayloadsTests.swift; sourceTree = "<group>"; };
		E16820072236C9FC00E1EDDB /* Payloads.swift */ = {isa = PBXFileReference; lastKnownFileType = sourcecode.swift; path = Payloads.swift; sourceTree = "<group>"; };
		E16820092236CB5B00E1EDDB /* RocketsTests.swift */ = {isa = PBXFileReference; lastKnownFileType = sourcecode.swift; path = RocketsTests.swift; sourceTree = "<group>"; };
		E168200B2236CB7900E1EDDB /* Rockets.swift */ = {isa = PBXFileReference; lastKnownFileType = sourcecode.swift; path = Rockets.swift; sourceTree = "<group>"; };
		E168200D2236CD7400E1EDDB /* RoadsterTests.swift */ = {isa = PBXFileReference; lastKnownFileType = sourcecode.swift; path = RoadsterTests.swift; sourceTree = "<group>"; };
		E168200F2236CDC100E1EDDB /* Roadster.swift */ = {isa = PBXFileReference; lastKnownFileType = sourcecode.swift; path = Roadster.swift; sourceTree = "<group>"; };
		E16820112236CE6D00E1EDDB /* ShipsTests.swift */ = {isa = PBXFileReference; lastKnownFileType = sourcecode.swift; path = ShipsTests.swift; sourceTree = "<group>"; };
		E16820132236CEB000E1EDDB /* Ships.swift */ = {isa = PBXFileReference; lastKnownFileType = sourcecode.swift; path = Ships.swift; sourceTree = "<group>"; };
		E17553FC223555BA0033C136 /* SpaceXAPI.framework */ = {isa = PBXFileReference; explicitFileType = wrapper.framework; includeInIndex = 0; path = SpaceXAPI.framework; sourceTree = BUILT_PRODUCTS_DIR; };
		E17553FF223555BA0033C136 /* Info.plist */ = {isa = PBXFileReference; lastKnownFileType = text.plist.xml; path = Info.plist; sourceTree = "<group>"; };
		E1755404223555BA0033C136 /* SpaceXAPITests.xctest */ = {isa = PBXFileReference; explicitFileType = wrapper.cfbundle; includeInIndex = 0; path = SpaceXAPITests.xctest; sourceTree = BUILT_PRODUCTS_DIR; };
		E175540B223555BA0033C136 /* SpaceXAPITests.swift */ = {isa = PBXFileReference; lastKnownFileType = sourcecode.swift; path = SpaceXAPITests.swift; sourceTree = "<group>"; };
		E175540D223555BA0033C136 /* Info.plist */ = {isa = PBXFileReference; lastKnownFileType = text.plist.xml; path = Info.plist; sourceTree = "<group>"; };
		E1755419223582770033C136 /* Endpoint.swift */ = {isa = PBXFileReference; lastKnownFileType = sourcecode.swift; path = Endpoint.swift; sourceTree = "<group>"; };
		E175541E22359EE00033C136 /* Capsules.swift */ = {isa = PBXFileReference; lastKnownFileType = sourcecode.swift; path = Capsules.swift; sourceTree = "<group>"; };
		E175542122359F2F0033C136 /* CapsulesTests.swift */ = {isa = PBXFileReference; lastKnownFileType = sourcecode.swift; path = CapsulesTests.swift; sourceTree = "<group>"; };
		E1FFA014223A98FE0056BA6B /* capsule.json */ = {isa = PBXFileReference; fileEncoding = 4; lastKnownFileType = text.json; path = capsule.json; sourceTree = "<group>"; };
		E1FFA016223A993A0056BA6B /* home.json */ = {isa = PBXFileReference; fileEncoding = 4; lastKnownFileType = text.json; path = home.json; sourceTree = "<group>"; };
		E1FFA017223A993A0056BA6B /* mission.json */ = {isa = PBXFileReference; fileEncoding = 4; lastKnownFileType = text.json; path = mission.json; sourceTree = "<group>"; };
		E1FFA018223A993A0056BA6B /* info.json */ = {isa = PBXFileReference; fileEncoding = 4; lastKnownFileType = text.json; path = info.json; sourceTree = "<group>"; };
		E1FFA019223A993A0056BA6B /* core.json */ = {isa = PBXFileReference; fileEncoding = 4; lastKnownFileType = text.json; path = core.json; sourceTree = "<group>"; };
		E1FFA01A223A993A0056BA6B /* ship.json */ = {isa = PBXFileReference; fileEncoding = 4; lastKnownFileType = text.json; path = ship.json; sourceTree = "<group>"; };
		E1FFA01B223A993A0056BA6B /* history.json */ = {isa = PBXFileReference; fileEncoding = 4; lastKnownFileType = text.json; path = history.json; sourceTree = "<group>"; };
		E1FFA01C223A993A0056BA6B /* launch.json */ = {isa = PBXFileReference; fileEncoding = 4; lastKnownFileType = text.json; path = launch.json; sourceTree = "<group>"; };
		E1FFA01D223A993A0056BA6B /* landpad.json */ = {isa = PBXFileReference; fileEncoding = 4; lastKnownFileType = text.json; path = landpad.json; sourceTree = "<group>"; };
		E1FFA01E223A993B0056BA6B /* rocket.json */ = {isa = PBXFileReference; fileEncoding = 4; lastKnownFileType = text.json; path = rocket.json; sourceTree = "<group>"; };
		E1FFA01F223A993B0056BA6B /* launchpad.json */ = {isa = PBXFileReference; fileEncoding = 4; lastKnownFileType = text.json; path = launchpad.json; sourceTree = "<group>"; };
		E1FFA020223A993B0056BA6B /* dragon.json */ = {isa = PBXFileReference; fileEncoding = 4; lastKnownFileType = text.json; path = dragon.json; sourceTree = "<group>"; };
		E1FFA02E223A9A510056BA6B /* JSONLoaderTests.swift */ = {isa = PBXFileReference; lastKnownFileType = sourcecode.swift; path = JSONLoaderTests.swift; sourceTree = "<group>"; };
		E1FFA030223A9ADF0056BA6B /* JSONLoader.swift */ = {isa = PBXFileReference; lastKnownFileType = sourcecode.swift; path = JSONLoader.swift; sourceTree = "<group>"; };
		E1FFA034223AA37E0056BA6B /* CapsuleTests.swift */ = {isa = PBXFileReference; lastKnownFileType = sourcecode.swift; path = CapsuleTests.swift; sourceTree = "<group>"; };
		E1FFA036223AA39C0056BA6B /* Capsule.swift */ = {isa = PBXFileReference; lastKnownFileType = sourcecode.swift; path = Capsule.swift; sourceTree = "<group>"; };
		E1FFA039223AA6320056BA6B /* Codable+Extensions.swift */ = {isa = PBXFileReference; lastKnownFileType = sourcecode.swift; path = "Codable+Extensions.swift"; sourceTree = "<group>"; };
		E1FFA03B223AA70E0056BA6B /* Data+ Extensions.swift */ = {isa = PBXFileReference; lastKnownFileType = sourcecode.swift; path = "Data+ Extensions.swift"; sourceTree = "<group>"; };
/* End PBXFileReference section */

/* Begin PBXFrameworksBuildPhase section */
		0EBCA1A122330CF500E8903F /* Frameworks */ = {
			isa = PBXFrameworksBuildPhase;
			buildActionMask = 2147483647;
			files = (
				E1755411223555BA0033C136 /* SpaceXAPI.framework in Frameworks */,
			);
			runOnlyForDeploymentPostprocessing = 0;
		};
		0EBCA1B522330CF600E8903F /* Frameworks */ = {
			isa = PBXFrameworksBuildPhase;
			buildActionMask = 2147483647;
			files = (
			);
			runOnlyForDeploymentPostprocessing = 0;
		};
		0EBCA1C022330CF600E8903F /* Frameworks */ = {
			isa = PBXFrameworksBuildPhase;
			buildActionMask = 2147483647;
			files = (
			);
			runOnlyForDeploymentPostprocessing = 0;
		};
		E17553F9223555BA0033C136 /* Frameworks */ = {
			isa = PBXFrameworksBuildPhase;
			buildActionMask = 2147483647;
			files = (
			);
			runOnlyForDeploymentPostprocessing = 0;
		};
		E1755401223555BA0033C136 /* Frameworks */ = {
			isa = PBXFrameworksBuildPhase;
			buildActionMask = 2147483647;
			files = (
				E1755405223555BA0033C136 /* SpaceXAPI.framework in Frameworks */,
			);
			runOnlyForDeploymentPostprocessing = 0;
		};
/* End PBXFrameworksBuildPhase section */

/* Begin PBXGroup section */
		0E911FF02236EC6000CBE217 /* TestHelpers */ = {
			isa = PBXGroup;
			children = (
				0E911FF12236EC7A00CBE217 /* TestHelpers.swift */,
				0E911FF72236F64A00CBE217 /* XCTestCase+assert.swift */,
			);
			path = TestHelpers;
			sourceTree = "<group>";
		};
		0EBCA19B22330CF500E8903F = {
			isa = PBXGroup;
			children = (
				0EBCA1A622330CF500E8903F /* RocketFan */,
				0EBCA1BB22330CF600E8903F /* RocketFanTests */,
				0EBCA1C622330CF600E8903F /* RocketFanUITests */,
				E17553FD223555BA0033C136 /* SpaceXAPI */,
				E175540A223555BA0033C136 /* SpaceXAPITests */,
				0EBCA1A522330CF500E8903F /* Products */,
			);
			indentWidth = 4;
			sourceTree = "<group>";
			tabWidth = 4;
		};
		0EBCA1A522330CF500E8903F /* Products */ = {
			isa = PBXGroup;
			children = (
				0EBCA1A422330CF500E8903F /* RocketFan.app */,
				0EBCA1B822330CF600E8903F /* RocketFanTests.xctest */,
				0EBCA1C322330CF600E8903F /* RocketFanUITests.xctest */,
				E17553FC223555BA0033C136 /* SpaceXAPI.framework */,
				E1755404223555BA0033C136 /* SpaceXAPITests.xctest */,
			);
			name = Products;
			sourceTree = "<group>";
		};
		0EBCA1A622330CF500E8903F /* RocketFan */ = {
			isa = PBXGroup;
			children = (
				0EBCA1D522330D5F00E8903F /* App */,
				0ED556962235130E0039BC44 /* Config */,
				E1FFA038223AA5540056BA6B /* Extensions */,
				0EBCA1D622330D6C00E8903F /* Resources */,
				0EBCA1D722330D8200E8903F /* Storyboards */,
				E1FFA02C223A99CD0056BA6B /* Utilities */,
			);
			path = RocketFan;
			sourceTree = "<group>";
		};
		0EBCA1BB22330CF600E8903F /* RocketFanTests */ = {
			isa = PBXGroup;
			children = (
				0EBCA1BE22330CF600E8903F /* Info.plist */,
				E1FFA033223AA31A0056BA6B /* Models */,
				0E611C10223312BE00F85DAB /* RocketFanTests.swift */,
				E1FFA02D223A9A1C0056BA6B /* UtilitiesTests */,
			);
			path = RocketFanTests;
			sourceTree = "<group>";
		};
		0EBCA1C622330CF600E8903F /* RocketFanUITests */ = {
			isa = PBXGroup;
			children = (
				0EBCA1C922330CF600E8903F /* Info.plist */,
				0E611C12223312C800F85DAB /* RocketFanUITests.swift */,
			);
			path = RocketFanUITests;
			sourceTree = "<group>";
		};
		0EBCA1D522330D5F00E8903F /* App */ = {
			isa = PBXGroup;
			children = (
				0EBCA1A722330CF500E8903F /* AppDelegate.swift */,
				0EBCA1B322330CF600E8903F /* Info.plist */,
				E1FFA032223AA2F10056BA6B /* Models */,
			);
			path = App;
			sourceTree = "<group>";
		};
		0EBCA1D622330D6C00E8903F /* Resources */ = {
			isa = PBXGroup;
			children = (
				E1FFA013223A97BF0056BA6B /* Data */,
				0EBCA1AE22330CF600E8903F /* Assets.xcassets */,
			);
			path = Resources;
			sourceTree = "<group>";
		};
		0EBCA1D722330D8200E8903F /* Storyboards */ = {
			isa = PBXGroup;
			children = (
				0EBCA1B022330CF600E8903F /* LaunchScreen.storyboard */,
			);
			path = Storyboards;
			sourceTree = "<group>";
		};
		0ED556962235130E0039BC44 /* Config */ = {
			isa = PBXGroup;
			children = (
				0E2EA408223519D600A7D350 /* Base.xcconfig */,
				0ED556972235130E0039BC44 /* User.xcconfig */,
			);
			path = Config;
			sourceTree = SOURCE_ROOT;
		};
		E17553FD223555BA0033C136 /* SpaceXAPI */ = {
			isa = PBXGroup;
			children = (
				E175541B223582BA0033C136 /* Endpoints */,
				E17553FF223555BA0033C136 /* Info.plist */,
				0E911FF32236ECC900CBE217 /* NetworkSessionProtocol.swift */,
				0E911FEE2236EB5A00CBE217 /* Result.swift */,
				0E911FEC2236EAAA00CBE217 /* SpaceXAPI.swift */,
				0E911FF52236EDA300CBE217 /* SpaceXAPI+Error.swift */,
				0E911FF92237BBD600CBE217 /* SpaceXAPI+Options.swift */,
			);
			path = SpaceXAPI;
			sourceTree = "<group>";
		};
		E175540A223555BA0033C136 /* SpaceXAPITests */ = {
			isa = PBXGroup;
			children = (
				E175542022359F0F0033C136 /* EndpointsTests */,
				E175540D223555BA0033C136 /* Info.plist */,
				0E911FFB2237BBEE00CBE217 /* SpaceXAPIOptionsTests.swift */,
				E175540B223555BA0033C136 /* SpaceXAPITests.swift */,
				0E911FF02236EC6000CBE217 /* TestHelpers */,
			);
			path = SpaceXAPITests;
			sourceTree = "<group>";
		};
		E175541B223582BA0033C136 /* Endpoints */ = {
			isa = PBXGroup;
			children = (
				E175541E22359EE00033C136 /* Capsules.swift */,
				E1681FE32236ABE800E1EDDB /* Cores.swift */,
				E1681FE92236B04D00E1EDDB /* Dragons.swift */,
				E1755419223582770033C136 /* Endpoint.swift */,
				E1681FED2236B2F700E1EDDB /* History.swift */,
				E1681FF12236B8DC00E1EDDB /* Info.swift */,
				E1681FF52236BB4700E1EDDB /* LandingPads.swift */,
				E1681FFB2236BE7D00E1EDDB /* Launches.swift */,
				E1681FFF2236C31200E1EDDB /* LaunchPads.swift */,
				E16820032236C86400E1EDDB /* Missions.swift */,
				E16820072236C9FC00E1EDDB /* Payloads.swift */,
				E168200F2236CDC100E1EDDB /* Roadster.swift */,
				E168200B2236CB7900E1EDDB /* Rockets.swift */,
				E16820132236CEB000E1EDDB /* Ships.swift */,
			);
			path = Endpoints;
			sourceTree = "<group>";
		};
		E175542022359F0F0033C136 /* EndpointsTests */ = {
			isa = PBXGroup;
			children = (
				E175542122359F2F0033C136 /* CapsulesTests.swift */,
				E1681FE52236AC2C00E1EDDB /* CoresTests.swift */,
				E1681FE72236AFED00E1EDDB /* DragonsTests.swift */,
				E1681FEB2236B2BB00E1EDDB /* HistoryTests.swift */,
				E1681FEF2236B8A600E1EDDB /* InfoTests.swift */,
				E1681FF32236BAF500E1EDDB /* LandingPadsTests.swift */,
				E1681FF92236BE3300E1EDDB /* LaunchesTests.swift */,
				E1681FFD2236C28300E1EDDB /* LaunchPadsTests.swift */,
				E16820012236C81E00E1EDDB /* MissionsTests.swift */,
				E16820052236C9C200E1EDDB /* PayloadsTests.swift */,
				E168200D2236CD7400E1EDDB /* RoadsterTests.swift */,
				E16820092236CB5B00E1EDDB /* RocketsTests.swift */,
				E16820112236CE6D00E1EDDB /* ShipsTests.swift */,
			);
			path = EndpointsTests;
			sourceTree = "<group>";
		};
		E1FFA013223A97BF0056BA6B /* Data */ = {
			isa = PBXGroup;
			children = (
				E1FFA014223A98FE0056BA6B /* capsule.json */,
				E1FFA019223A993A0056BA6B /* core.json */,
				E1FFA020223A993B0056BA6B /* dragon.json */,
				E1FFA01B223A993A0056BA6B /* history.json */,
				E1FFA016223A993A0056BA6B /* home.json */,
				E1FFA018223A993A0056BA6B /* info.json */,
				E1FFA01D223A993A0056BA6B /* landpad.json */,
				E1FFA01C223A993A0056BA6B /* launch.json */,
				E1FFA01F223A993B0056BA6B /* launchpad.json */,
				E1FFA017223A993A0056BA6B /* mission.json */,
				E1FFA01E223A993B0056BA6B /* rocket.json */,
				E1FFA01A223A993A0056BA6B /* ship.json */,
			);
			path = Data;
			sourceTree = "<group>";
		};
		E1FFA02C223A99CD0056BA6B /* Utilities */ = {
			isa = PBXGroup;
			children = (
				E1FFA030223A9ADF0056BA6B /* JSONLoader.swift */,
			);
			path = Utilities;
			sourceTree = "<group>";
		};
		E1FFA02D223A9A1C0056BA6B /* UtilitiesTests */ = {
			isa = PBXGroup;
			children = (
				E1FFA02E223A9A510056BA6B /* JSONLoaderTests.swift */,
			);
			path = UtilitiesTests;
			sourceTree = "<group>";
		};
		E1FFA032223AA2F10056BA6B /* Models */ = {
			isa = PBXGroup;
			children = (
				E1FFA036223AA39C0056BA6B /* Capsule.swift */,
			);
			path = Models;
			sourceTree = "<group>";
		};
		E1FFA033223AA31A0056BA6B /* Models */ = {
			isa = PBXGroup;
			children = (
				E1FFA034223AA37E0056BA6B /* CapsuleTests.swift */,
			);
			path = Models;
			sourceTree = "<group>";
		};
		E1FFA038223AA5540056BA6B /* Extensions */ = {
			isa = PBXGroup;
			children = (
				E1FFA039223AA6320056BA6B /* Codable+Extensions.swift */,
				E1FFA03B223AA70E0056BA6B /* Data+ Extensions.swift */,
			);
			path = Extensions;
			sourceTree = "<group>";
		};
/* End PBXGroup section */

/* Begin PBXHeadersBuildPhase section */
		E17553F7223555BA0033C136 /* Headers */ = {
			isa = PBXHeadersBuildPhase;
			buildActionMask = 2147483647;
			files = (
			);
			runOnlyForDeploymentPostprocessing = 0;
		};
/* End PBXHeadersBuildPhase section */

/* Begin PBXNativeTarget section */
		0EBCA1A322330CF500E8903F /* RocketFan */ = {
			isa = PBXNativeTarget;
			buildConfigurationList = 0EBCA1CC22330CF600E8903F /* Build configuration list for PBXNativeTarget "RocketFan" */;
			buildPhases = (
				0EBCA1A022330CF500E8903F /* Sources */,
				0EBCA1A122330CF500E8903F /* Frameworks */,
				0EBCA1A222330CF500E8903F /* Resources */,
				E17553F5223553D20033C136 /* Embed Frameworks */,
				0E1C10FB223584E40024AD4F /* SwiftLint */,
			);
			buildRules = (
			);
			dependencies = (
				E1755410223555BA0033C136 /* PBXTargetDependency */,
			);
			name = RocketFan;
			productName = RocketFan;
			productReference = 0EBCA1A422330CF500E8903F /* RocketFan.app */;
			productType = "com.apple.product-type.application";
		};
		0EBCA1B722330CF600E8903F /* RocketFanTests */ = {
			isa = PBXNativeTarget;
			buildConfigurationList = 0EBCA1CF22330CF600E8903F /* Build configuration list for PBXNativeTarget "RocketFanTests" */;
			buildPhases = (
				0EBCA1B422330CF600E8903F /* Sources */,
				0EBCA1B522330CF600E8903F /* Frameworks */,
				0EBCA1B622330CF600E8903F /* Resources */,
			);
			buildRules = (
			);
			dependencies = (
				0EBCA1BA22330CF600E8903F /* PBXTargetDependency */,
			);
			name = RocketFanTests;
			productName = RocketFanTests;
			productReference = 0EBCA1B822330CF600E8903F /* RocketFanTests.xctest */;
			productType = "com.apple.product-type.bundle.unit-test";
		};
		0EBCA1C222330CF600E8903F /* RocketFanUITests */ = {
			isa = PBXNativeTarget;
			buildConfigurationList = 0EBCA1D222330CF600E8903F /* Build configuration list for PBXNativeTarget "RocketFanUITests" */;
			buildPhases = (
				0EBCA1BF22330CF600E8903F /* Sources */,
				0EBCA1C022330CF600E8903F /* Frameworks */,
				0EBCA1C122330CF600E8903F /* Resources */,
			);
			buildRules = (
			);
			dependencies = (
				0EBCA1C522330CF600E8903F /* PBXTargetDependency */,
			);
			name = RocketFanUITests;
			productName = RocketFanUITests;
			productReference = 0EBCA1C322330CF600E8903F /* RocketFanUITests.xctest */;
			productType = "com.apple.product-type.bundle.ui-testing";
		};
		E17553FB223555BA0033C136 /* SpaceXAPI */ = {
			isa = PBXNativeTarget;
			buildConfigurationList = E1755413223555BA0033C136 /* Build configuration list for PBXNativeTarget "SpaceXAPI" */;
			buildPhases = (
				E17553F7223555BA0033C136 /* Headers */,
				E17553F8223555BA0033C136 /* Sources */,
				E17553F9223555BA0033C136 /* Frameworks */,
				E17553FA223555BA0033C136 /* Resources */,
			);
			buildRules = (
			);
			dependencies = (
			);
			name = SpaceXAPI;
			productName = SpaceXAPI;
			productReference = E17553FC223555BA0033C136 /* SpaceXAPI.framework */;
			productType = "com.apple.product-type.framework";
		};
		E1755403223555BA0033C136 /* SpaceXAPITests */ = {
			isa = PBXNativeTarget;
			buildConfigurationList = E1755416223555BA0033C136 /* Build configuration list for PBXNativeTarget "SpaceXAPITests" */;
			buildPhases = (
				E1755400223555BA0033C136 /* Sources */,
				E1755401223555BA0033C136 /* Frameworks */,
				E1755402223555BA0033C136 /* Resources */,
			);
			buildRules = (
			);
			dependencies = (
				E1755407223555BA0033C136 /* PBXTargetDependency */,
				E1755409223555BA0033C136 /* PBXTargetDependency */,
			);
			name = SpaceXAPITests;
			productName = SpaceXAPITests;
			productReference = E1755404223555BA0033C136 /* SpaceXAPITests.xctest */;
			productType = "com.apple.product-type.bundle.unit-test";
		};
/* End PBXNativeTarget section */

/* Begin PBXProject section */
		0EBCA19C22330CF500E8903F /* Project object */ = {
			isa = PBXProject;
			attributes = {
				LastSwiftUpdateCheck = 1010;
				LastUpgradeCheck = 1010;
				ORGANIZATIONNAME = RocketFanOrg;
				TargetAttributes = {
					0EBCA1A322330CF500E8903F = {
						CreatedOnToolsVersion = 10.1;
					};
					0EBCA1B722330CF600E8903F = {
						CreatedOnToolsVersion = 10.1;
						LastSwiftMigration = 1010;
						TestTargetID = 0EBCA1A322330CF500E8903F;
					};
					0EBCA1C222330CF600E8903F = {
						CreatedOnToolsVersion = 10.1;
						LastSwiftMigration = 1010;
						TestTargetID = 0EBCA1A322330CF500E8903F;
					};
					E17553FB223555BA0033C136 = {
						CreatedOnToolsVersion = 10.1;
						LastSwiftMigration = 1010;
					};
					E1755403223555BA0033C136 = {
						CreatedOnToolsVersion = 10.1;
						TestTargetID = 0EBCA1A322330CF500E8903F;
					};
				};
			};
			buildConfigurationList = 0EBCA19F22330CF500E8903F /* Build configuration list for PBXProject "RocketFan" */;
			compatibilityVersion = "Xcode 9.3";
			developmentRegion = en;
			hasScannedForEncodings = 0;
			knownRegions = (
				en,
				Base,
			);
			mainGroup = 0EBCA19B22330CF500E8903F;
			productRefGroup = 0EBCA1A522330CF500E8903F /* Products */;
			projectDirPath = "";
			projectRoot = "";
			targets = (
				0EBCA1A322330CF500E8903F /* RocketFan */,
				0EBCA1B722330CF600E8903F /* RocketFanTests */,
				0EBCA1C222330CF600E8903F /* RocketFanUITests */,
				E17553FB223555BA0033C136 /* SpaceXAPI */,
				E1755403223555BA0033C136 /* SpaceXAPITests */,
			);
		};
/* End PBXProject section */

/* Begin PBXResourcesBuildPhase section */
		0EBCA1A222330CF500E8903F /* Resources */ = {
			isa = PBXResourcesBuildPhase;
			buildActionMask = 2147483647;
			files = (
				0EBCA1B222330CF600E8903F /* LaunchScreen.storyboard in Resources */,
				E1FFA015223A98FE0056BA6B /* capsule.json in Resources */,
				E1FFA02B223A993B0056BA6B /* dragon.json in Resources */,
				E1FFA021223A993B0056BA6B /* home.json in Resources */,
				E1FFA02A223A993B0056BA6B /* launchpad.json in Resources */,
				E1FFA022223A993B0056BA6B /* mission.json in Resources */,
				0EBCA1AF22330CF600E8903F /* Assets.xcassets in Resources */,
				E1FFA028223A993B0056BA6B /* landpad.json in Resources */,
				E1FFA025223A993B0056BA6B /* ship.json in Resources */,
				E1FFA027223A993B0056BA6B /* launch.json in Resources */,
				E1FFA024223A993B0056BA6B /* core.json in Resources */,
				E1FFA026223A993B0056BA6B /* history.json in Resources */,
				E1FFA023223A993B0056BA6B /* info.json in Resources */,
				E1FFA029223A993B0056BA6B /* rocket.json in Resources */,
			);
			runOnlyForDeploymentPostprocessing = 0;
		};
		0EBCA1B622330CF600E8903F /* Resources */ = {
			isa = PBXResourcesBuildPhase;
			buildActionMask = 2147483647;
			files = (
			);
			runOnlyForDeploymentPostprocessing = 0;
		};
		0EBCA1C122330CF600E8903F /* Resources */ = {
			isa = PBXResourcesBuildPhase;
			buildActionMask = 2147483647;
			files = (
			);
			runOnlyForDeploymentPostprocessing = 0;
		};
		E17553FA223555BA0033C136 /* Resources */ = {
			isa = PBXResourcesBuildPhase;
			buildActionMask = 2147483647;
			files = (
			);
			runOnlyForDeploymentPostprocessing = 0;
		};
		E1755402223555BA0033C136 /* Resources */ = {
			isa = PBXResourcesBuildPhase;
			buildActionMask = 2147483647;
			files = (
			);
			runOnlyForDeploymentPostprocessing = 0;
		};
/* End PBXResourcesBuildPhase section */

/* Begin PBXShellScriptBuildPhase section */
		0E1C10FB223584E40024AD4F /* SwiftLint */ = {
			isa = PBXShellScriptBuildPhase;
			buildActionMask = 2147483647;
			files = (
			);
			inputFileListPaths = (
			);
			inputPaths = (
			);
			name = SwiftLint;
			outputFileListPaths = (
			);
			outputPaths = (
			);
			runOnlyForDeploymentPostprocessing = 0;
			shellPath = /bin/sh;
			shellScript = "# Only run SwiftLint if installed\nif which swiftlint >/dev/null; then\n  swiftlint\nfi\n";
		};
/* End PBXShellScriptBuildPhase section */

/* Begin PBXSourcesBuildPhase section */
		0EBCA1A022330CF500E8903F /* Sources */ = {
			isa = PBXSourcesBuildPhase;
			buildActionMask = 2147483647;
			files = (
				E1FFA03A223AA6320056BA6B /* Codable+Extensions.swift in Sources */,
				E1FFA031223A9ADF0056BA6B /* JSONLoader.swift in Sources */,
				E1FFA037223AA39C0056BA6B /* Capsule.swift in Sources */,
				0EBCA1A822330CF500E8903F /* AppDelegate.swift in Sources */,
				E1FFA03C223AA70E0056BA6B /* Data+ Extensions.swift in Sources */,
			);
			runOnlyForDeploymentPostprocessing = 0;
		};
		0EBCA1B422330CF600E8903F /* Sources */ = {
			isa = PBXSourcesBuildPhase;
			buildActionMask = 2147483647;
			files = (
				E1FFA02F223A9A510056BA6B /* JSONLoaderTests.swift in Sources */,
				E1FFA035223AA37E0056BA6B /* CapsuleTests.swift in Sources */,
				0E611C11223312BE00F85DAB /* RocketFanTests.swift in Sources */,
			);
			runOnlyForDeploymentPostprocessing = 0;
		};
		0EBCA1BF22330CF600E8903F /* Sources */ = {
			isa = PBXSourcesBuildPhase;
			buildActionMask = 2147483647;
			files = (
				0E611C13223312C800F85DAB /* RocketFanUITests.swift in Sources */,
			);
			runOnlyForDeploymentPostprocessing = 0;
		};
		E17553F8223555BA0033C136 /* Sources */ = {
			isa = PBXSourcesBuildPhase;
			buildActionMask = 2147483647;
			files = (
				0E911FFA2237BBD600CBE217 /* SpaceXAPI+Options.swift in Sources */,
				E175541A223582770033C136 /* Endpoint.swift in Sources */,
				E175541F22359EE00033C136 /* Capsules.swift in Sources */,
				E16820042236C86400E1EDDB /* Missions.swift in Sources */,
				0E911FF42236ECC900CBE217 /* NetworkSessionProtocol.swift in Sources */,
				E168200C2236CB7900E1EDDB /* Rockets.swift in Sources */,
				0E911FED2236EAAA00CBE217 /* SpaceXAPI.swift in Sources */,
				E1681FF62236BB4700E1EDDB /* LandingPads.swift in Sources */,
				0E911FEF2236EB5A00CBE217 /* Result.swift in Sources */,
				E16820152236CEDB00E1EDDB /* Ships.swift in Sources */,
				E1681FEA2236B04D00E1EDDB /* Dragons.swift in Sources */,
				E1681FFC2236BE7D00E1EDDB /* Launches.swift in Sources */,
				E1681FF22236B8DC00E1EDDB /* Info.swift in Sources */,
				E16820102236CDC100E1EDDB /* Roadster.swift in Sources */,
				E16820002236C31200E1EDDB /* LaunchPads.swift in Sources */,
				E1681FE42236ABE800E1EDDB /* Cores.swift in Sources */,
				E1681FEE2236B2F700E1EDDB /* History.swift in Sources */,
				E16820082236C9FC00E1EDDB /* Payloads.swift in Sources */,
				0E911FF62236EDA300CBE217 /* SpaceXAPI+Error.swift in Sources */,
			);
			runOnlyForDeploymentPostprocessing = 0;
		};
		E1755400223555BA0033C136 /* Sources */ = {
			isa = PBXSourcesBuildPhase;
			buildActionMask = 2147483647;
			files = (
				E1681FEC2236B2BB00E1EDDB /* HistoryTests.swift in Sources */,
				E168200E2236CD7400E1EDDB /* RoadsterTests.swift in Sources */,
				E1681FFE2236C28300E1EDDB /* LaunchPadsTests.swift in Sources */,
				0E911FFC2237BBEE00CBE217 /* SpaceXAPIOptionsTests.swift in Sources */,
				E1681FF02236B8A600E1EDDB /* InfoTests.swift in Sources */,
				E168200A2236CB5B00E1EDDB /* RocketsTests.swift in Sources */,
				E175540C223555BA0033C136 /* SpaceXAPITests.swift in Sources */,
				0E911FF82236F64A00CBE217 /* XCTestCase+assert.swift in Sources */,
				E1681FF42236BAF500E1EDDB /* LandingPadsTests.swift in Sources */,
				E1681FFA2236BE3300E1EDDB /* LaunchesTests.swift in Sources */,
				E16820022236C81E00E1EDDB /* MissionsTests.swift in Sources */,
				E175542222359F2F0033C136 /* CapsulesTests.swift in Sources */,
				E1681FE82236AFED00E1EDDB /* DragonsTests.swift in Sources */,
				0E911FF22236EC7A00CBE217 /* TestHelpers.swift in Sources */,
				E16820122236CE6D00E1EDDB /* ShipsTests.swift in Sources */,
				E1681FE62236AC2C00E1EDDB /* CoresTests.swift in Sources */,
				E16820062236C9C200E1EDDB /* PayloadsTests.swift in Sources */,
			);
			runOnlyForDeploymentPostprocessing = 0;
		};
/* End PBXSourcesBuildPhase section */

/* Begin PBXTargetDependency section */
		0EBCA1BA22330CF600E8903F /* PBXTargetDependency */ = {
			isa = PBXTargetDependency;
			target = 0EBCA1A322330CF500E8903F /* RocketFan */;
			targetProxy = 0EBCA1B922330CF600E8903F /* PBXContainerItemProxy */;
		};
		0EBCA1C522330CF600E8903F /* PBXTargetDependency */ = {
			isa = PBXTargetDependency;
			target = 0EBCA1A322330CF500E8903F /* RocketFan */;
			targetProxy = 0EBCA1C422330CF600E8903F /* PBXContainerItemProxy */;
		};
		E1755407223555BA0033C136 /* PBXTargetDependency */ = {
			isa = PBXTargetDependency;
			target = E17553FB223555BA0033C136 /* SpaceXAPI */;
			targetProxy = E1755406223555BA0033C136 /* PBXContainerItemProxy */;
		};
		E1755409223555BA0033C136 /* PBXTargetDependency */ = {
			isa = PBXTargetDependency;
			target = 0EBCA1A322330CF500E8903F /* RocketFan */;
			targetProxy = E1755408223555BA0033C136 /* PBXContainerItemProxy */;
		};
		E1755410223555BA0033C136 /* PBXTargetDependency */ = {
			isa = PBXTargetDependency;
			target = E17553FB223555BA0033C136 /* SpaceXAPI */;
			targetProxy = E175540F223555BA0033C136 /* PBXContainerItemProxy */;
		};
/* End PBXTargetDependency section */

/* Begin PBXVariantGroup section */
		0EBCA1B022330CF600E8903F /* LaunchScreen.storyboard */ = {
			isa = PBXVariantGroup;
			children = (
				0EBCA1B122330CF600E8903F /* Base */,
			);
			name = LaunchScreen.storyboard;
			sourceTree = "<group>";
		};
/* End PBXVariantGroup section */

/* Begin XCBuildConfiguration section */
		0EBCA1CA22330CF600E8903F /* Debug */ = {
			isa = XCBuildConfiguration;
			baseConfigurationReference = 0E2EA408223519D600A7D350 /* Base.xcconfig */;
			buildSettings = {
				ALWAYS_SEARCH_USER_PATHS = NO;
				CLANG_ANALYZER_NONNULL = YES;
				CLANG_ANALYZER_NUMBER_OBJECT_CONVERSION = YES_AGGRESSIVE;
				CLANG_CXX_LANGUAGE_STANDARD = "gnu++14";
				CLANG_CXX_LIBRARY = "libc++";
				CLANG_ENABLE_MODULES = YES;
				CLANG_ENABLE_OBJC_ARC = YES;
				CLANG_ENABLE_OBJC_WEAK = YES;
				CLANG_WARN_BLOCK_CAPTURE_AUTORELEASING = YES;
				CLANG_WARN_BOOL_CONVERSION = YES;
				CLANG_WARN_COMMA = YES;
				CLANG_WARN_CONSTANT_CONVERSION = YES;
				CLANG_WARN_DEPRECATED_OBJC_IMPLEMENTATIONS = YES;
				CLANG_WARN_DIRECT_OBJC_ISA_USAGE = YES_ERROR;
				CLANG_WARN_DOCUMENTATION_COMMENTS = YES;
				CLANG_WARN_EMPTY_BODY = YES;
				CLANG_WARN_ENUM_CONVERSION = YES;
				CLANG_WARN_INFINITE_RECURSION = YES;
				CLANG_WARN_INT_CONVERSION = YES;
				CLANG_WARN_NON_LITERAL_NULL_CONVERSION = YES;
				CLANG_WARN_OBJC_IMPLICIT_RETAIN_SELF = YES;
				CLANG_WARN_OBJC_LITERAL_CONVERSION = YES;
				CLANG_WARN_OBJC_ROOT_CLASS = YES_ERROR;
				CLANG_WARN_RANGE_LOOP_ANALYSIS = YES;
				CLANG_WARN_STRICT_PROTOTYPES = YES;
				CLANG_WARN_SUSPICIOUS_MOVE = YES;
				CLANG_WARN_UNGUARDED_AVAILABILITY = YES_AGGRESSIVE;
				CLANG_WARN_UNREACHABLE_CODE = YES;
				CLANG_WARN__DUPLICATE_METHOD_MATCH = YES;
				COPY_PHASE_STRIP = NO;
				DEBUG_INFORMATION_FORMAT = dwarf;
				ENABLE_STRICT_OBJC_MSGSEND = YES;
				ENABLE_TESTABILITY = YES;
				GCC_C_LANGUAGE_STANDARD = gnu11;
				GCC_DYNAMIC_NO_PIC = NO;
				GCC_NO_COMMON_BLOCKS = YES;
				GCC_OPTIMIZATION_LEVEL = 0;
				GCC_PREPROCESSOR_DEFINITIONS = (
					"DEBUG=1",
					"$(inherited)",
				);
				GCC_WARN_64_TO_32_BIT_CONVERSION = YES;
				GCC_WARN_ABOUT_RETURN_TYPE = YES_ERROR;
				GCC_WARN_UNDECLARED_SELECTOR = YES;
				GCC_WARN_UNINITIALIZED_AUTOS = YES_AGGRESSIVE;
				GCC_WARN_UNUSED_FUNCTION = YES;
				GCC_WARN_UNUSED_VARIABLE = YES;
				IPHONEOS_DEPLOYMENT_TARGET = 12.1;
				MTL_ENABLE_DEBUG_INFO = INCLUDE_SOURCE;
				MTL_FAST_MATH = YES;
				ONLY_ACTIVE_ARCH = YES;
				SDKROOT = iphoneos;
				SWIFT_ACTIVE_COMPILATION_CONDITIONS = DEBUG;
				SWIFT_OPTIMIZATION_LEVEL = "-Onone";
			};
			name = Debug;
		};
		0EBCA1CB22330CF600E8903F /* Release */ = {
			isa = XCBuildConfiguration;
			baseConfigurationReference = 0E2EA408223519D600A7D350 /* Base.xcconfig */;
			buildSettings = {
				ALWAYS_SEARCH_USER_PATHS = NO;
				CLANG_ANALYZER_NONNULL = YES;
				CLANG_ANALYZER_NUMBER_OBJECT_CONVERSION = YES_AGGRESSIVE;
				CLANG_CXX_LANGUAGE_STANDARD = "gnu++14";
				CLANG_CXX_LIBRARY = "libc++";
				CLANG_ENABLE_MODULES = YES;
				CLANG_ENABLE_OBJC_ARC = YES;
				CLANG_ENABLE_OBJC_WEAK = YES;
				CLANG_WARN_BLOCK_CAPTURE_AUTORELEASING = YES;
				CLANG_WARN_BOOL_CONVERSION = YES;
				CLANG_WARN_COMMA = YES;
				CLANG_WARN_CONSTANT_CONVERSION = YES;
				CLANG_WARN_DEPRECATED_OBJC_IMPLEMENTATIONS = YES;
				CLANG_WARN_DIRECT_OBJC_ISA_USAGE = YES_ERROR;
				CLANG_WARN_DOCUMENTATION_COMMENTS = YES;
				CLANG_WARN_EMPTY_BODY = YES;
				CLANG_WARN_ENUM_CONVERSION = YES;
				CLANG_WARN_INFINITE_RECURSION = YES;
				CLANG_WARN_INT_CONVERSION = YES;
				CLANG_WARN_NON_LITERAL_NULL_CONVERSION = YES;
				CLANG_WARN_OBJC_IMPLICIT_RETAIN_SELF = YES;
				CLANG_WARN_OBJC_LITERAL_CONVERSION = YES;
				CLANG_WARN_OBJC_ROOT_CLASS = YES_ERROR;
				CLANG_WARN_RANGE_LOOP_ANALYSIS = YES;
				CLANG_WARN_STRICT_PROTOTYPES = YES;
				CLANG_WARN_SUSPICIOUS_MOVE = YES;
				CLANG_WARN_UNGUARDED_AVAILABILITY = YES_AGGRESSIVE;
				CLANG_WARN_UNREACHABLE_CODE = YES;
				CLANG_WARN__DUPLICATE_METHOD_MATCH = YES;
				COPY_PHASE_STRIP = NO;
				DEBUG_INFORMATION_FORMAT = "dwarf-with-dsym";
				ENABLE_NS_ASSERTIONS = NO;
				ENABLE_STRICT_OBJC_MSGSEND = YES;
				GCC_C_LANGUAGE_STANDARD = gnu11;
				GCC_NO_COMMON_BLOCKS = YES;
				GCC_WARN_64_TO_32_BIT_CONVERSION = YES;
				GCC_WARN_ABOUT_RETURN_TYPE = YES_ERROR;
				GCC_WARN_UNDECLARED_SELECTOR = YES;
				GCC_WARN_UNINITIALIZED_AUTOS = YES_AGGRESSIVE;
				GCC_WARN_UNUSED_FUNCTION = YES;
				GCC_WARN_UNUSED_VARIABLE = YES;
				IPHONEOS_DEPLOYMENT_TARGET = 12.1;
				MTL_ENABLE_DEBUG_INFO = NO;
				MTL_FAST_MATH = YES;
				SDKROOT = iphoneos;
				SWIFT_COMPILATION_MODE = wholemodule;
				SWIFT_OPTIMIZATION_LEVEL = "-O";
				VALIDATE_PRODUCT = YES;
			};
			name = Release;
		};
		0EBCA1CD22330CF600E8903F /* Debug */ = {
			isa = XCBuildConfiguration;
			buildSettings = {
				ALWAYS_EMBED_SWIFT_STANDARD_LIBRARIES = YES;
				ASSETCATALOG_COMPILER_APPICON_NAME = AppIcon;
				INFOPLIST_FILE = "$(SRCROOT)/RocketFan/App/Info.plist";
				IPHONEOS_DEPLOYMENT_TARGET = 11.0;
				LD_RUNPATH_SEARCH_PATHS = (
					"$(inherited)",
					"@executable_path/Frameworks",
				);
				PRODUCT_NAME = "$(TARGET_NAME)";
				SWIFT_VERSION = 4.2;
				TARGETED_DEVICE_FAMILY = "1,2";
			};
			name = Debug;
		};
		0EBCA1CE22330CF600E8903F /* Release */ = {
			isa = XCBuildConfiguration;
			buildSettings = {
				ALWAYS_EMBED_SWIFT_STANDARD_LIBRARIES = YES;
				ASSETCATALOG_COMPILER_APPICON_NAME = AppIcon;
				INFOPLIST_FILE = "$(SRCROOT)/RocketFan/App/Info.plist";
				IPHONEOS_DEPLOYMENT_TARGET = 11.0;
				LD_RUNPATH_SEARCH_PATHS = (
					"$(inherited)",
					"@executable_path/Frameworks",
				);
				PRODUCT_NAME = "$(TARGET_NAME)";
				SWIFT_VERSION = 4.2;
				TARGETED_DEVICE_FAMILY = "1,2";
			};
			name = Release;
		};
		0EBCA1D022330CF600E8903F /* Debug */ = {
			isa = XCBuildConfiguration;
			buildSettings = {
				ALWAYS_EMBED_SWIFT_STANDARD_LIBRARIES = YES;
				BUNDLE_LOADER = "$(TEST_HOST)";
				CLANG_ENABLE_MODULES = YES;
				INFOPLIST_FILE = RocketFanTests/Info.plist;
				LD_RUNPATH_SEARCH_PATHS = (
					"$(inherited)",
					"@executable_path/Frameworks",
					"@loader_path/Frameworks",
				);
				PRODUCT_BUNDLE_IDENTIFIER = org.rocketfan.RocketFanTests;
				PRODUCT_NAME = "$(TARGET_NAME)";
				SWIFT_OPTIMIZATION_LEVEL = "-Onone";
				SWIFT_VERSION = 4.2;
				TARGETED_DEVICE_FAMILY = "1,2";
				TEST_HOST = "$(BUILT_PRODUCTS_DIR)/RocketFan.app/RocketFan";
			};
			name = Debug;
		};
		0EBCA1D122330CF600E8903F /* Release */ = {
			isa = XCBuildConfiguration;
			buildSettings = {
				ALWAYS_EMBED_SWIFT_STANDARD_LIBRARIES = YES;
				BUNDLE_LOADER = "$(TEST_HOST)";
				CLANG_ENABLE_MODULES = YES;
				INFOPLIST_FILE = RocketFanTests/Info.plist;
				LD_RUNPATH_SEARCH_PATHS = (
					"$(inherited)",
					"@executable_path/Frameworks",
					"@loader_path/Frameworks",
				);
				PRODUCT_BUNDLE_IDENTIFIER = org.rocketfan.RocketFanTests;
				PRODUCT_NAME = "$(TARGET_NAME)";
				SWIFT_VERSION = 4.2;
				TARGETED_DEVICE_FAMILY = "1,2";
				TEST_HOST = "$(BUILT_PRODUCTS_DIR)/RocketFan.app/RocketFan";
			};
			name = Release;
		};
		0EBCA1D322330CF600E8903F /* Debug */ = {
			isa = XCBuildConfiguration;
			buildSettings = {
				ALWAYS_EMBED_SWIFT_STANDARD_LIBRARIES = YES;
				CLANG_ENABLE_MODULES = YES;
				INFOPLIST_FILE = RocketFanUITests/Info.plist;
				LD_RUNPATH_SEARCH_PATHS = (
					"$(inherited)",
					"@executable_path/Frameworks",
					"@loader_path/Frameworks",
				);
				PRODUCT_BUNDLE_IDENTIFIER = org.rocketfan.RocketFanUITests;
				PRODUCT_NAME = "$(TARGET_NAME)";
				SWIFT_OPTIMIZATION_LEVEL = "-Onone";
				SWIFT_VERSION = 4.2;
				TARGETED_DEVICE_FAMILY = "1,2";
				TEST_TARGET_NAME = RocketFan;
			};
			name = Debug;
		};
		0EBCA1D422330CF600E8903F /* Release */ = {
			isa = XCBuildConfiguration;
			buildSettings = {
				ALWAYS_EMBED_SWIFT_STANDARD_LIBRARIES = YES;
				CLANG_ENABLE_MODULES = YES;
				INFOPLIST_FILE = RocketFanUITests/Info.plist;
				LD_RUNPATH_SEARCH_PATHS = (
					"$(inherited)",
					"@executable_path/Frameworks",
					"@loader_path/Frameworks",
				);
				PRODUCT_BUNDLE_IDENTIFIER = org.rocketfan.RocketFanUITests;
				PRODUCT_NAME = "$(TARGET_NAME)";
				SWIFT_VERSION = 4.2;
				TARGETED_DEVICE_FAMILY = "1,2";
				TEST_TARGET_NAME = RocketFan;
			};
			name = Release;
		};
		E1755414223555BA0033C136 /* Debug */ = {
			isa = XCBuildConfiguration;
			buildSettings = {
				CLANG_ENABLE_MODULES = YES;
				CURRENT_PROJECT_VERSION = 1;
				DEFINES_MODULE = YES;
				DYLIB_COMPATIBILITY_VERSION = 1;
				DYLIB_CURRENT_VERSION = 1;
				DYLIB_INSTALL_NAME_BASE = "@rpath";
				INFOPLIST_FILE = SpaceXAPI/Info.plist;
				INSTALL_PATH = "$(LOCAL_LIBRARY_DIR)/Frameworks";
				IPHONEOS_DEPLOYMENT_TARGET = 11.0;
				LD_RUNPATH_SEARCH_PATHS = (
					"$(inherited)",
					"@executable_path/Frameworks",
					"@loader_path/Frameworks",
				);
				PRODUCT_BUNDLE_IDENTIFIER = "$(PRODUCT_BUNDLE_IDENTIFIER).api";
				PRODUCT_NAME = "$(TARGET_NAME:c99extidentifier)";
				SKIP_INSTALL = YES;
				SWIFT_OPTIMIZATION_LEVEL = "-Onone";
				SWIFT_VERSION = 4.2;
				TARGETED_DEVICE_FAMILY = "1,2";
				VERSIONING_SYSTEM = "apple-generic";
				VERSION_INFO_PREFIX = "";
			};
			name = Debug;
		};
		E1755415223555BA0033C136 /* Release */ = {
			isa = XCBuildConfiguration;
			buildSettings = {
				CLANG_ENABLE_MODULES = YES;
				CURRENT_PROJECT_VERSION = 1;
				DEFINES_MODULE = YES;
				DYLIB_COMPATIBILITY_VERSION = 1;
				DYLIB_CURRENT_VERSION = 1;
				DYLIB_INSTALL_NAME_BASE = "@rpath";
				INFOPLIST_FILE = SpaceXAPI/Info.plist;
				INSTALL_PATH = "$(LOCAL_LIBRARY_DIR)/Frameworks";
				IPHONEOS_DEPLOYMENT_TARGET = 11.0;
				LD_RUNPATH_SEARCH_PATHS = (
					"$(inherited)",
					"@executable_path/Frameworks",
					"@loader_path/Frameworks",
				);
				PRODUCT_BUNDLE_IDENTIFIER = "$(PRODUCT_BUNDLE_IDENTIFIER).api";
				PRODUCT_NAME = "$(TARGET_NAME:c99extidentifier)";
				SKIP_INSTALL = YES;
				SWIFT_VERSION = 4.2;
				TARGETED_DEVICE_FAMILY = "1,2";
				VERSIONING_SYSTEM = "apple-generic";
				VERSION_INFO_PREFIX = "";
			};
			name = Release;
		};
		E1755417223555BA0033C136 /* Debug */ = {
			isa = XCBuildConfiguration;
			buildSettings = {
				ALWAYS_EMBED_SWIFT_STANDARD_LIBRARIES = YES;
				CODE_SIGN_IDENTITY = "iPhone Developer";
				CODE_SIGN_STYLE = Automatic;
				DEVELOPMENT_TEAM = CZG8CFZU5K;
				INFOPLIST_FILE = SpaceXAPITests/Info.plist;
				LD_RUNPATH_SEARCH_PATHS = (
					"$(inherited)",
					"@executable_path/Frameworks",
					"@loader_path/Frameworks",
				);
				PRODUCT_BUNDLE_IDENTIFIER = org.rocketfan.RocketFan.SpaceXAPITests;
				PRODUCT_NAME = "$(TARGET_NAME)";
				SWIFT_VERSION = 4.2;
				TARGETED_DEVICE_FAMILY = "1,2";
				TEST_HOST = "$(BUILT_PRODUCTS_DIR)/RocketFan.app/RocketFan";
			};
			name = Debug;
		};
		E1755418223555BA0033C136 /* Release */ = {
			isa = XCBuildConfiguration;
			buildSettings = {
				ALWAYS_EMBED_SWIFT_STANDARD_LIBRARIES = YES;
				CODE_SIGN_IDENTITY = "iPhone Developer";
				CODE_SIGN_STYLE = Automatic;
				DEVELOPMENT_TEAM = CZG8CFZU5K;
				INFOPLIST_FILE = SpaceXAPITests/Info.plist;
				LD_RUNPATH_SEARCH_PATHS = (
					"$(inherited)",
					"@executable_path/Frameworks",
					"@loader_path/Frameworks",
				);
				PRODUCT_BUNDLE_IDENTIFIER = org.rocketfan.RocketFan.SpaceXAPITests;
				PRODUCT_NAME = "$(TARGET_NAME)";
				SWIFT_VERSION = 4.2;
				TARGETED_DEVICE_FAMILY = "1,2";
				TEST_HOST = "$(BUILT_PRODUCTS_DIR)/RocketFan.app/RocketFan";
			};
			name = Release;
		};
/* End XCBuildConfiguration section */

/* Begin XCConfigurationList section */
		0EBCA19F22330CF500E8903F /* Build configuration list for PBXProject "RocketFan" */ = {
			isa = XCConfigurationList;
			buildConfigurations = (
				0EBCA1CA22330CF600E8903F /* Debug */,
				0EBCA1CB22330CF600E8903F /* Release */,
			);
			defaultConfigurationIsVisible = 0;
			defaultConfigurationName = Release;
		};
		0EBCA1CC22330CF600E8903F /* Build configuration list for PBXNativeTarget "RocketFan" */ = {
			isa = XCConfigurationList;
			buildConfigurations = (
				0EBCA1CD22330CF600E8903F /* Debug */,
				0EBCA1CE22330CF600E8903F /* Release */,
			);
			defaultConfigurationIsVisible = 0;
			defaultConfigurationName = Release;
		};
		0EBCA1CF22330CF600E8903F /* Build configuration list for PBXNativeTarget "RocketFanTests" */ = {
			isa = XCConfigurationList;
			buildConfigurations = (
				0EBCA1D022330CF600E8903F /* Debug */,
				0EBCA1D122330CF600E8903F /* Release */,
			);
			defaultConfigurationIsVisible = 0;
			defaultConfigurationName = Release;
		};
		0EBCA1D222330CF600E8903F /* Build configuration list for PBXNativeTarget "RocketFanUITests" */ = {
			isa = XCConfigurationList;
			buildConfigurations = (
				0EBCA1D322330CF600E8903F /* Debug */,
				0EBCA1D422330CF600E8903F /* Release */,
			);
			defaultConfigurationIsVisible = 0;
			defaultConfigurationName = Release;
		};
		E1755413223555BA0033C136 /* Build configuration list for PBXNativeTarget "SpaceXAPI" */ = {
			isa = XCConfigurationList;
			buildConfigurations = (
				E1755414223555BA0033C136 /* Debug */,
				E1755415223555BA0033C136 /* Release */,
			);
			defaultConfigurationIsVisible = 0;
			defaultConfigurationName = Release;
		};
		E1755416223555BA0033C136 /* Build configuration list for PBXNativeTarget "SpaceXAPITests" */ = {
			isa = XCConfigurationList;
			buildConfigurations = (
				E1755417223555BA0033C136 /* Debug */,
				E1755418223555BA0033C136 /* Release */,
			);
			defaultConfigurationIsVisible = 0;
			defaultConfigurationName = Release;
		};
/* End XCConfigurationList section */
	};
	rootObject = 0EBCA19C22330CF500E8903F /* Project object */;
}
